
Microsoft Visual Studio Solution File, Format Version 12.00
# Visual Studio Version 17
VisualStudioVersion = 17.11.35312.102
MinimumVisualStudioVersion = 10.0.40219.1
Project("{9A19103F-16F7-4668-BE54-9A1E7A4F7556}") = "BankingApp", "BankingApp\BankingApp.csproj", "{29309697-8D6B-4033-88FB-3B6576403672}"
	ProjectSection(ProjectDependencies) = postProject
		{4605F224-2ABF-4C63-A3A1-68C728ACD809} = {4605F224-2ABF-4C63-A3A1-68C728ACD809}
		{8DFE07DD-BA71-43B7-9E2D-9B086598E26D} = {8DFE07DD-BA71-43B7-9E2D-9B086598E26D}
		{A6556BD2-3520-455C-BA15-0AB17816041B} = {A6556BD2-3520-455C-BA15-0AB17816041B}
		{AC261665-DC77-4CCC-8030-157CAE1E686D} = {AC261665-DC77-4CCC-8030-157CAE1E686D}
	EndProjectSection
EndProject
Project("{9A19103F-16F7-4668-BE54-9A1E7A4F7556}") = "Entity_Library", "Entity_Library\Entity_Library.csproj", "{A6556BD2-3520-455C-BA15-0AB17816041B}"
	ProjectSection(ProjectDependencies) = postProject
		{8DFE07DD-BA71-43B7-9E2D-9B086598E26D} = {8DFE07DD-BA71-43B7-9E2D-9B086598E26D}
	EndProjectSection
EndProject
Project("{9A19103F-16F7-4668-BE54-9A1E7A4F7556}") = "DAO_Library", "DAO_Library\DAO_Library.csproj", "{4605F224-2ABF-4C63-A3A1-68C728ACD809}"
	ProjectSection(ProjectDependencies) = postProject
		{8DFE07DD-BA71-43B7-9E2D-9B086598E26D} = {8DFE07DD-BA71-43B7-9E2D-9B086598E26D}
		{A6556BD2-3520-455C-BA15-0AB17816041B} = {A6556BD2-3520-455C-BA15-0AB17816041B}
		{AC261665-DC77-4CCC-8030-157CAE1E686D} = {AC261665-DC77-4CCC-8030-157CAE1E686D}
	EndProjectSection
EndProject
Project("{9A19103F-16F7-4668-BE54-9A1E7A4F7556}") = "Exception_Library", "Exception_Library\Exception_Library.csproj", "{8DFE07DD-BA71-43B7-9E2D-9B086598E26D}"
EndProject
Project("{9A19103F-16F7-4668-BE54-9A1E7A4F7556}") = "Utility_Library", "Utility_Library\Utility_Library.csproj", "{AC261665-DC77-4CCC-8030-157CAE1E686D}"
EndProject
Global
	GlobalSection(SolutionConfigurationPlatforms) = preSolution
		Debug|Any CPU = Debug|Any CPU
		Release|Any CPU = Release|Any CPU
	EndGlobalSection
	GlobalSection(ProjectConfigurationPlatforms) = postSolution
		{29309697-8D6B-4033-88FB-3B6576403672}.Debug|Any CPU.ActiveCfg = Debug|Any CPU
		{29309697-8D6B-4033-88FB-3B6576403672}.Debug|Any CPU.Build.0 = Debug|Any CPU
		{29309697-8D6B-4033-88FB-3B6576403672}.Release|Any CPU.ActiveCfg = Release|Any CPU
		{29309697-8D6B-4033-88FB-3B6576403672}.Release|Any CPU.Build.0 = Release|Any CPU
		{A6556BD2-3520-455C-BA15-0AB17816041B}.Debug|Any CPU.ActiveCfg = Debug|Any CPU
		{A6556BD2-3520-455C-BA15-0AB17816041B}.Debug|Any CPU.Build.0 = Debug|Any CPU
		{A6556BD2-3520-455C-BA15-0AB17816041B}.Release|Any CPU.ActiveCfg = Release|Any CPU
		{A6556BD2-3520-455C-BA15-0AB17816041B}.Release|Any CPU.Build.0 = Release|Any CPU
		{4605F224-2ABF-4C63-A3A1-68C728ACD809}.Debug|Any CPU.ActiveCfg = Debug|Any CPU
		{4605F224-2ABF-4C63-A3A1-68C728ACD809}.Debug|Any CPU.Build.0 = Debug|Any CPU
		{4605F224-2ABF-4C63-A3A1-68C728ACD809}.Release|Any CPU.ActiveCfg = Release|Any CPU
		{4605F224-2ABF-4C63-A3A1-68C728ACD809}.Release|Any CPU.Build.0 = Release|Any CPU
		{8DFE07DD-BA71-43B7-9E2D-9B086598E26D}.Debug|Any CPU.ActiveCfg = Debug|Any CPU
		{8DFE07DD-BA71-43B7-9E2D-9B086598E26D}.Debug|Any CPU.Build.0 = Debug|Any CPU
		{8DFE07DD-BA71-43B7-9E2D-9B086598E26D}.Release|Any CPU.ActiveCfg = Release|Any CPU
		{8DFE07DD-BA71-43B7-9E2D-9B086598E26D}.Release|Any CPU.Build.0 = Release|Any CPU
		{AC261665-DC77-4CCC-8030-157CAE1E686D}.Debug|Any CPU.ActiveCfg = Debug|Any CPU
		{AC261665-DC77-4CCC-8030-157CAE1E686D}.Debug|Any CPU.Build.0 = Debug|Any CPU
		{AC261665-DC77-4CCC-8030-157CAE1E686D}.Release|Any CPU.ActiveCfg = Release|Any CPU
		{AC261665-DC77-4CCC-8030-157CAE1E686D}.Release|Any CPU.Build.0 = Release|Any CPU
	EndGlobalSection
	GlobalSection(SolutionProperties) = preSolution
		HideSolutionNode = FALSE
	EndGlobalSection
	GlobalSection(ExtensibilityGlobals) = postSolution
		SolutionGuid = {D3423038-6BAF-4B4B-B5A1-9059A077FC85}
	EndGlobalSection
EndGlobal
