
Microsoft Visual Studio Solution File, Format Version 12.00
# Visual Studio Version 17
VisualStudioVersion = 17.11.35312.102
MinimumVisualStudioVersion = 10.0.40219.1
Project("{9A19103F-16F7-4668-BE54-9A1E7A4F7556}") = "BankingApp", "BankingApp\BankingApp.csproj", "{63E00933-489E-4F33-871B-CA9047D5DD08}"
	ProjectSection(ProjectDependencies) = postProject
		{AAD03517-D92F-4A0D-A9DC-C1C7BEE87562} = {AAD03517-D92F-4A0D-A9DC-C1C7BEE87562}
	EndProjectSection
EndProject
Project("{9A19103F-16F7-4668-BE54-9A1E7A4F7556}") = "Entity_Library", "Entity_Library\Entity_Library.csproj", "{AAD03517-D92F-4A0D-A9DC-C1C7BEE87562}"
EndProject
Global
	GlobalSection(SolutionConfigurationPlatforms) = preSolution
		Debug|Any CPU = Debug|Any CPU
		Release|Any CPU = Release|Any CPU
	EndGlobalSection
	GlobalSection(ProjectConfigurationPlatforms) = postSolution
		{63E00933-489E-4F33-871B-CA9047D5DD08}.Debug|Any CPU.ActiveCfg = Debug|Any CPU
		{63E00933-489E-4F33-871B-CA9047D5DD08}.Debug|Any CPU.Build.0 = Debug|Any CPU
		{63E00933-489E-4F33-871B-CA9047D5DD08}.Release|Any CPU.ActiveCfg = Release|Any CPU
		{63E00933-489E-4F33-871B-CA9047D5DD08}.Release|Any CPU.Build.0 = Release|Any CPU
		{AAD03517-D92F-4A0D-A9DC-C1C7BEE87562}.Debug|Any CPU.ActiveCfg = Debug|Any CPU
		{AAD03517-D92F-4A0D-A9DC-C1C7BEE87562}.Debug|Any CPU.Build.0 = Debug|Any CPU
		{AAD03517-D92F-4A0D-A9DC-C1C7BEE87562}.Release|Any CPU.ActiveCfg = Release|Any CPU
		{AAD03517-D92F-4A0D-A9DC-C1C7BEE87562}.Release|Any CPU.Build.0 = Release|Any CPU
	EndGlobalSection
	GlobalSection(SolutionProperties) = preSolution
		HideSolutionNode = FALSE
	EndGlobalSection
	GlobalSection(ExtensibilityGlobals) = postSolution
		SolutionGuid = {F2109839-4F9F-4AC5-B8D9-97483D390A89}
	EndGlobalSection
EndGlobal
